
Microsoft Visual Studio Solution File, Format Version 12.00
# Visual Studio Express 14 for Web
VisualStudioVersion = 14.0.23107.0
MinimumVisualStudioVersion = 10.0.40219.1
Project("{FAE04EC0-301F-11D3-BF4B-00C04F79EFBC}") = "Project1API", "Project1API\Project1API.csproj", "{728C2704-6C6C-458E-91C3-3FE2F4601473}"
EndProject
Global
	GlobalSection(SolutionConfigurationPlatforms) = preSolution
		Debug|Any CPU = Debug|Any CPU
		Release|Any CPU = Release|Any CPU
	EndGlobalSection
	GlobalSection(ProjectConfigurationPlatforms) = postSolution
		{728C2704-6C6C-458E-91C3-3FE2F4601473}.Debug|Any CPU.ActiveCfg = Debug|Any CPU
		{728C2704-6C6C-458E-91C3-3FE2F4601473}.Debug|Any CPU.Build.0 = Debug|Any CPU
		{728C2704-6C6C-458E-91C3-3FE2F4601473}.Release|Any CPU.ActiveCfg = Release|Any CPU
		{728C2704-6C6C-458E-91C3-3FE2F4601473}.Release|Any CPU.Build.0 = Release|Any CPU
	EndGlobalSection
	GlobalSection(SolutionProperties) = preSolution
		HideSolutionNode = FALSE
	EndGlobalSection
EndGlobal
